
Microsoft Visual Studio Solution File, Format Version 12.00
# Visual Studio Version 17
VisualStudioVersion = 17.3.32929.385
MinimumVisualStudioVersion = 10.0.40219.1
Project("{9A19103F-16F7-4668-BE54-9A1E7A4F7556}") = "Crony", "Crony.csproj", "{B39B4EE0-2B4C-4B17-B7E5-2B500B8EAE67}"
EndProject
Global
	GlobalSection(SolutionConfigurationPlatforms) = preSolution
		Debug|Any CPU = Debug|Any CPU
		RELEASE_NOCRON|Any CPU = RELEASE_NOCRON|Any CPU
		Release|Any CPU = Release|Any CPU
	EndGlobalSection
	GlobalSection(ProjectConfigurationPlatforms) = postSolution
		{B39B4EE0-2B4C-4B17-B7E5-2B500B8EAE67}.Debug|Any CPU.ActiveCfg = RELEASE_NORETRY|Any CPU
		{B39B4EE0-2B4C-4B17-B7E5-2B500B8EAE67}.Debug|Any CPU.Build.0 = RELEASE_NORETRY|Any CPU
		{B39B4EE0-2B4C-4B17-B7E5-2B500B8EAE67}.RELEASE_NOCRON|Any CPU.ActiveCfg = Debug|Any CPU
		{B39B4EE0-2B4C-4B17-B7E5-2B500B8EAE67}.RELEASE_NOCRON|Any CPU.Build.0 = Debug|Any CPU
		{B39B4EE0-2B4C-4B17-B7E5-2B500B8EAE67}.Release|Any CPU.ActiveCfg = Release|Any CPU
		{B39B4EE0-2B4C-4B17-B7E5-2B500B8EAE67}.Release|Any CPU.Build.0 = Release|Any CPU
	EndGlobalSection
	GlobalSection(SolutionProperties) = preSolution
		HideSolutionNode = FALSE
	EndGlobalSection
	GlobalSection(ExtensibilityGlobals) = postSolution
		SolutionGuid = {68D32122-8BF1-49A8-AC0C-BA7C2AEB7ADA}
	EndGlobalSection
EndGlobal
